// !$*UTF8*$!
{
	archiveVersion = 1;
	classes = {
	};
	objectVersion = 50;
	objects = {

/* Begin PBXBuildFile section */
		7E75783522534FFB003D2B56 /* AppDelegate.swift in Sources */ = {isa = PBXBuildFile; fileRef = 7E75783422534FFB003D2B56 /* AppDelegate.swift */; };
		7E75783722534FFB003D2B56 /* ViewController.swift in Sources */ = {isa = PBXBuildFile; fileRef = 7E75783622534FFB003D2B56 /* ViewController.swift */; };
		7E75783A22534FFB003D2B56 /* Main.storyboard in Resources */ = {isa = PBXBuildFile; fileRef = 7E75783822534FFB003D2B56 /* Main.storyboard */; };
		7E75783C22534FFE003D2B56 /* Assets.xcassets in Resources */ = {isa = PBXBuildFile; fileRef = 7E75783B22534FFE003D2B56 /* Assets.xcassets */; };
		7E75783F22534FFE003D2B56 /* LaunchScreen.storyboard in Resources */ = {isa = PBXBuildFile; fileRef = 7E75783D22534FFE003D2B56 /* LaunchScreen.storyboard */; };
		7E75784A22534FFE003D2B56 /* MovieDBAPITaskTests.swift in Sources */ = {isa = PBXBuildFile; fileRef = 7E75784922534FFE003D2B56 /* MovieDBAPITaskTests.swift */; };
/* End PBXBuildFile section */

/* Begin PBXContainerItemProxy section */
		7E75784622534FFE003D2B56 /* PBXContainerItemProxy */ = {
			isa = PBXContainerItemProxy;
			containerPortal = 7E75782922534FFB003D2B56 /* Project object */;
			proxyType = 1;
			remoteGlobalIDString = 7E75783022534FFB003D2B56;
			remoteInfo = MovieDBAPITask;
		};
/* End PBXContainerItemProxy section */

/* Begin PBXFileReference section */
		7E75783122534FFB003D2B56 /* MovieDBAPITask.app */ = {isa = PBXFileReference; explicitFileType = wrapper.application; includeInIndex = 0; path = MovieDBAPITask.app; sourceTree = BUILT_PRODUCTS_DIR; };
		7E75783422534FFB003D2B56 /* AppDelegate.swift */ = {isa = PBXFileReference; lastKnownFileType = sourcecode.swift; path = AppDelegate.swift; sourceTree = "<group>"; };
		7E75783622534FFB003D2B56 /* ViewController.swift */ = {isa = PBXFileReference; lastKnownFileType = sourcecode.swift; path = ViewController.swift; sourceTree = "<group>"; };
		7E75783922534FFB003D2B56 /* Base */ = {isa = PBXFileReference; lastKnownFileType = file.storyboard; name = Base; path = Base.lproj/Main.storyboard; sourceTree = "<group>"; };
		7E75783B22534FFE003D2B56 /* Assets.xcassets */ = {isa = PBXFileReference; lastKnownFileType = folder.assetcatalog; path = Assets.xcassets; sourceTree = "<group>"; };
		7E75783E22534FFE003D2B56 /* Base */ = {isa = PBXFileReference; lastKnownFileType = file.storyboard; name = Base; path = Base.lproj/LaunchScreen.storyboard; sourceTree = "<group>"; };
		7E75784022534FFE003D2B56 /* Info.plist */ = {isa = PBXFileReference; lastKnownFileType = text.plist.xml; path = Info.plist; sourceTree = "<group>"; };
		7E75784522534FFE003D2B56 /* MovieDBAPITaskTests.xctest */ = {isa = PBXFileReference; explicitFileType = wrapper.cfbundle; includeInIndex = 0; path = MovieDBAPITaskTests.xctest; sourceTree = BUILT_PRODUCTS_DIR; };
		7E75784922534FFE003D2B56 /* MovieDBAPITaskTests.swift */ = {isa = PBXFileReference; lastKnownFileType = sourcecode.swift; path = MovieDBAPITaskTests.swift; sourceTree = "<group>"; };
		7E75784B22534FFE003D2B56 /* Info.plist */ = {isa = PBXFileReference; lastKnownFileType = text.plist.xml; path = Info.plist; sourceTree = "<group>"; };
/* End PBXFileReference section */

/* Begin PBXFrameworksBuildPhase section */
		7E75782E22534FFB003D2B56 /* Frameworks */ = {
			isa = PBXFrameworksBuildPhase;
			buildActionMask = 2147483647;
			files = (
			);
			runOnlyForDeploymentPostprocessing = 0;
		};
		7E75784222534FFE003D2B56 /* Frameworks */ = {
			isa = PBXFrameworksBuildPhase;
			buildActionMask = 2147483647;
			files = (
			);
			runOnlyForDeploymentPostprocessing = 0;
		};
/* End PBXFrameworksBuildPhase section */

/* Begin PBXGroup section */
		7E75782822534FFB003D2B56 = {
			isa = PBXGroup;
			children = (
				7E75783322534FFB003D2B56 /* MovieDBAPITask */,
				7E75784822534FFE003D2B56 /* MovieDBAPITaskTests */,
				7E75783222534FFB003D2B56 /* Products */,
			);
			sourceTree = "<group>";
		};
		7E75783222534FFB003D2B56 /* Products */ = {
			isa = PBXGroup;
			children = (
				7E75783122534FFB003D2B56 /* MovieDBAPITask.app */,
				7E75784522534FFE003D2B56 /* MovieDBAPITaskTests.xctest */,
			);
			name = Products;
			sourceTree = "<group>";
		};
		7E75783322534FFB003D2B56 /* MovieDBAPITask */ = {
			isa = PBXGroup;
			children = (
				7E75783422534FFB003D2B56 /* AppDelegate.swift */,
				7E75783622534FFB003D2B56 /* ViewController.swift */,
				7E75783822534FFB003D2B56 /* Main.storyboard */,
				7E75783B22534FFE003D2B56 /* Assets.xcassets */,
				7E75783D22534FFE003D2B56 /* LaunchScreen.storyboard */,
				7E75784022534FFE003D2B56 /* Info.plist */,
			);
			path = MovieDBAPITask;
			sourceTree = "<group>";
		};
		7E75784822534FFE003D2B56 /* MovieDBAPITaskTests */ = {
			isa = PBXGroup;
			children = (
				7E75784922534FFE003D2B56 /* MovieDBAPITaskTests.swift */,
				7E75784B22534FFE003D2B56 /* Info.plist */,
			);
			path = MovieDBAPITaskTests;
			sourceTree = "<group>";
		};
/* End PBXGroup section */

/* Begin PBXNativeTarget section */
		7E75783022534FFB003D2B56 /* MovieDBAPITask */ = {
			isa = PBXNativeTarget;
			buildConfigurationList = 7E75784E22534FFE003D2B56 /* Build configuration list for PBXNativeTarget "MovieDBAPITask" */;
			buildPhases = (
				7E75782D22534FFB003D2B56 /* Sources */,
				7E75782E22534FFB003D2B56 /* Frameworks */,
				7E75782F22534FFB003D2B56 /* Resources */,
			);
			buildRules = (
			);
			dependencies = (
			);
			name = MovieDBAPITask;
			productName = MovieDBAPITask;
			productReference = 7E75783122534FFB003D2B56 /* MovieDBAPITask.app */;
			productType = "com.apple.product-type.application";
		};
		7E75784422534FFE003D2B56 /* MovieDBAPITaskTests */ = {
			isa = PBXNativeTarget;
			buildConfigurationList = 7E75785122534FFE003D2B56 /* Build configuration list for PBXNativeTarget "MovieDBAPITaskTests" */;
			buildPhases = (
				7E75784122534FFE003D2B56 /* Sources */,
				7E75784222534FFE003D2B56 /* Frameworks */,
				7E75784322534FFE003D2B56 /* Resources */,
			);
			buildRules = (
			);
			dependencies = (
				7E75784722534FFE003D2B56 /* PBXTargetDependency */,
			);
			name = MovieDBAPITaskTests;
			productName = MovieDBAPITaskTests;
			productReference = 7E75784522534FFE003D2B56 /* MovieDBAPITaskTests.xctest */;
			productType = "com.apple.product-type.bundle.unit-test";
		};
/* End PBXNativeTarget section */

/* Begin PBXProject section */
		7E75782922534FFB003D2B56 /* Project object */ = {
			isa = PBXProject;
			attributes = {
				LastSwiftUpdateCheck = 1010;
				LastUpgradeCheck = 1010;
				ORGANIZATIONNAME = "Sherif  Wagih";
				TargetAttributes = {
					7E75783022534FFB003D2B56 = {
						CreatedOnToolsVersion = 10.1;
					};
					7E75784422534FFE003D2B56 = {
						CreatedOnToolsVersion = 10.1;
						TestTargetID = 7E75783022534FFB003D2B56;
					};
				};
			};
			buildConfigurationList = 7E75782C22534FFB003D2B56 /* Build configuration list for PBXProject "MovieDBAPITask" */;
			compatibilityVersion = "Xcode 9.3";
			developmentRegion = en;
			hasScannedForEncodings = 0;
			knownRegions = (
				en,
				Base,
			);
			mainGroup = 7E75782822534FFB003D2B56;
			productRefGroup = 7E75783222534FFB003D2B56 /* Products */;
			projectDirPath = "";
			projectRoot = "";
			targets = (
				7E75783022534FFB003D2B56 /* MovieDBAPITask */,
				7E75784422534FFE003D2B56 /* MovieDBAPITaskTests */,
			);
		};
/* End PBXProject section */

/* Begin PBXResourcesBuildPhase section */
		7E75782F22534FFB003D2B56 /* Resources */ = {
			isa = PBXResourcesBuildPhase;
			buildActionMask = 2147483647;
			files = (
				7E75783F22534FFE003D2B56 /* LaunchScreen.storyboard in Resources */,
				7E75783C22534FFE003D2B56 /* Assets.xcassets in Resources */,
				7E75783A22534FFB003D2B56 /* Main.storyboard in Resources */,
			);
			runOnlyForDeploymentPostprocessing = 0;
		};
		7E75784322534FFE003D2B56 /* Resources */ = {
			isa = PBXResourcesBuildPhase;
			buildActionMask = 2147483647;
			files = (
			);
			runOnlyForDeploymentPostprocessing = 0;
		};
/* End PBXResourcesBuildPhase section */

/* Begin PBXSourcesBuildPhase section */
		7E75782D22534FFB003D2B56 /* Sources */ = {
			isa = PBXSourcesBuildPhase;
			buildActionMask = 2147483647;
			files = (
				7E75783722534FFB003D2B56 /* ViewController.swift in Sources */,
				7E75783522534FFB003D2B56 /* AppDelegate.swift in Sources */,
			);
			runOnlyForDeploymentPostprocessing = 0;
		};
		7E75784122534FFE003D2B56 /* Sources */ = {
			isa = PBXSourcesBuildPhase;
			buildActionMask = 2147483647;
			files = (
				7E75784A22534FFE003D2B56 /* MovieDBAPITaskTests.swift in Sources */,
			);
			runOnlyForDeploymentPostprocessing = 0;
		};
/* End PBXSourcesBuildPhase section */

/* Begin PBXTargetDependency section */
		7E75784722534FFE003D2B56 /* PBXTargetDependency */ = {
			isa = PBXTargetDependency;
			target = 7E75783022534FFB003D2B56 /* MovieDBAPITask */;
			targetProxy = 7E75784622534FFE003D2B56 /* PBXContainerItemProxy */;
		};
/* End PBXTargetDependency section */

/* Begin PBXVariantGroup section */
		7E75783822534FFB003D2B56 /* Main.storyboard */ = {
			isa = PBXVariantGroup;
			children = (
				7E75783922534FFB003D2B56 /* Base */,
			);
			name = Main.storyboard;
			sourceTree = "<group>";
		};
		7E75783D22534FFE003D2B56 /* LaunchScreen.storyboard */ = {
			isa = PBXVariantGroup;
			children = (
				7E75783E22534FFE003D2B56 /* Base */,
			);
			name = LaunchScreen.storyboard;
			sourceTree = "<group>";
		};
/* End PBXVariantGroup section */

/* Begin XCBuildConfiguration section */
		7E75784C22534FFE003D2B56 /* Debug */ = {
			isa = XCBuildConfiguration;
			buildSettings = {
				ALWAYS_SEARCH_USER_PATHS = NO;
				CLANG_ANALYZER_NONNULL = YES;
				CLANG_ANALYZER_NUMBER_OBJECT_CONVERSION = YES_AGGRESSIVE;
				CLANG_CXX_LANGUAGE_STANDARD = "gnu++14";
				CLANG_CXX_LIBRARY = "libc++";
				CLANG_ENABLE_MODULES = YES;
				CLANG_ENABLE_OBJC_ARC = YES;
				CLANG_ENABLE_OBJC_WEAK = YES;
				CLANG_WARN_BLOCK_CAPTURE_AUTORELEASING = YES;
				CLANG_WARN_BOOL_CONVERSION = YES;
				CLANG_WARN_COMMA = YES;
				CLANG_WARN_CONSTANT_CONVERSION = YES;
				CLANG_WARN_DEPRECATED_OBJC_IMPLEMENTATIONS = YES;
				CLANG_WARN_DIRECT_OBJC_ISA_USAGE = YES_ERROR;
				CLANG_WARN_DOCUMENTATION_COMMENTS = YES;
				CLANG_WARN_EMPTY_BODY = YES;
				CLANG_WARN_ENUM_CONVERSION = YES;
				CLANG_WARN_INFINITE_RECURSION = YES;
				CLANG_WARN_INT_CONVERSION = YES;
				CLANG_WARN_NON_LITERAL_NULL_CONVERSION = YES;
				CLANG_WARN_OBJC_IMPLICIT_RETAIN_SELF = YES;
				CLANG_WARN_OBJC_LITERAL_CONVERSION = YES;
				CLANG_WARN_OBJC_ROOT_CLASS = YES_ERROR;
				CLANG_WARN_RANGE_LOOP_ANALYSIS = YES;
				CLANG_WARN_STRICT_PROTOTYPES = YES;
				CLANG_WARN_SUSPICIOUS_MOVE = YES;
				CLANG_WARN_UNGUARDED_AVAILABILITY = YES_AGGRESSIVE;
				CLANG_WARN_UNREACHABLE_CODE = YES;
				CLANG_WARN__DUPLICATE_METHOD_MATCH = YES;
				CODE_SIGN_IDENTITY = "iPhone Developer";
				COPY_PHASE_STRIP = NO;
				DEBUG_INFORMATION_FORMAT = dwarf;
				ENABLE_STRICT_OBJC_MSGSEND = YES;
				ENABLE_TESTABILITY = YES;
				GCC_C_LANGUAGE_STANDARD = gnu11;
				GCC_DYNAMIC_NO_PIC = NO;
				GCC_NO_COMMON_BLOCKS = YES;
				GCC_OPTIMIZATION_LEVEL = 0;
				GCC_PREPROCESSOR_DEFINITIONS = (
					"DEBUG=1",
					"$(inherited)",
				);
				GCC_WARN_64_TO_32_BIT_CONVERSION = YES;
				GCC_WARN_ABOUT_RETURN_TYPE = YES_ERROR;
				GCC_WARN_UNDECLARED_SELECTOR = YES;
				GCC_WARN_UNINITIALIZED_AUTOS = YES_AGGRESSIVE;
				GCC_WARN_UNUSED_FUNCTION = YES;
				GCC_WARN_UNUSED_VARIABLE = YES;
				IPHONEOS_DEPLOYMENT_TARGET = 12.1;
				MTL_ENABLE_DEBUG_INFO = INCLUDE_SOURCE;
				MTL_FAST_MATH = YES;
				ONLY_ACTIVE_ARCH = YES;
				SDKROOT = iphoneos;
				SWIFT_ACTIVE_COMPILATION_CONDITIONS = DEBUG;
				SWIFT_OPTIMIZATION_LEVEL = "-Onone";
			};
			name = Debug;
		};
		7E75784D22534FFE003D2B56 /* Release */ = {
			isa = XCBuildConfiguration;
			buildSettings = {
				ALWAYS_SEARCH_USER_PATHS = NO;
				CLANG_ANALYZER_NONNULL = YES;
				CLANG_ANALYZER_NUMBER_OBJECT_CONVERSION = YES_AGGRESSIVE;
				CLANG_CXX_LANGUAGE_STANDARD = "gnu++14";
				CLANG_CXX_LIBRARY = "libc++";
				CLANG_ENABLE_MODULES = YES;
				CLANG_ENABLE_OBJC_ARC = YES;
				CLANG_ENABLE_OBJC_WEAK = YES;
				CLANG_WARN_BLOCK_CAPTURE_AUTORELEASING = YES;
				CLANG_WARN_BOOL_CONVERSION = YES;
				CLANG_WARN_COMMA = YES;
				CLANG_WARN_CONSTANT_CONVERSION = YES;
				CLANG_WARN_DEPRECATED_OBJC_IMPLEMENTATIONS = YES;
				CLANG_WARN_DIRECT_OBJC_ISA_USAGE = YES_ERROR;
				CLANG_WARN_DOCUMENTATION_COMMENTS = YES;
				CLANG_WARN_EMPTY_BODY = YES;
				CLANG_WARN_ENUM_CONVERSION = YES;
				CLANG_WARN_INFINITE_RECURSION = YES;
				CLANG_WARN_INT_CONVERSION = YES;
				CLANG_WARN_NON_LITERAL_NULL_CONVERSION = YES;
				CLANG_WARN_OBJC_IMPLICIT_RETAIN_SELF = YES;
				CLANG_WARN_OBJC_LITERAL_CONVERSION = YES;
				CLANG_WARN_OBJC_ROOT_CLASS = YES_ERROR;
				CLANG_WARN_RANGE_LOOP_ANALYSIS = YES;
				CLANG_WARN_STRICT_PROTOTYPES = YES;
				CLANG_WARN_SUSPICIOUS_MOVE = YES;
				CLANG_WARN_UNGUARDED_AVAILABILITY = YES_AGGRESSIVE;
				CLANG_WARN_UNREACHABLE_CODE = YES;
				CLANG_WARN__DUPLICATE_METHOD_MATCH = YES;
				CODE_SIGN_IDENTITY = "iPhone Developer";
				COPY_PHASE_STRIP = NO;
				DEBUG_INFORMATION_FORMAT = "dwarf-with-dsym";
				ENABLE_NS_ASSERTIONS = NO;
				ENABLE_STRICT_OBJC_MSGSEND = YES;
				GCC_C_LANGUAGE_STANDARD = gnu11;
				GCC_NO_COMMON_BLOCKS = YES;
				GCC_WARN_64_TO_32_BIT_CONVERSION = YES;
				GCC_WARN_ABOUT_RETURN_TYPE = YES_ERROR;
				GCC_WARN_UNDECLARED_SELECTOR = YES;
				GCC_WARN_UNINITIALIZED_AUTOS = YES_AGGRESSIVE;
				GCC_WARN_UNUSED_FUNCTION = YES;
				GCC_WARN_UNUSED_VARIABLE = YES;
				IPHONEOS_DEPLOYMENT_TARGET = 12.1;
				MTL_ENABLE_DEBUG_INFO = NO;
				MTL_FAST_MATH = YES;
				SDKROOT = iphoneos;
				SWIFT_COMPILATION_MODE = wholemodule;
				SWIFT_OPTIMIZATION_LEVEL = "-O";
				VALIDATE_PRODUCT = YES;
			};
			name = Release;
		};
		7E75784F22534FFE003D2B56 /* Debug */ = {
			isa = XCBuildConfiguration;
			buildSettings = {
				ASSETCATALOG_COMPILER_APPICON_NAME = AppIcon;
				CODE_SIGN_STYLE = Automatic;
				DEVELOPMENT_TEAM = GUS473JQDG;
				INFOPLIST_FILE = MovieDBAPITask/Info.plist;
				LD_RUNPATH_SEARCH_PATHS = (
					"$(inherited)",
					"@executable_path/Frameworks",
				);
				PRODUCT_BUNDLE_IDENTIFIER = com.sherifzekry.MovieDBAPITask;
				PRODUCT_NAME = "$(TARGET_NAME)";
				SWIFT_VERSION = 4.2;
				TARGETED_DEVICE_FAMILY = "1,2";
			};
			name = Debug;
		};
		7E75785022534FFE003D2B56 /* Release */ = {
			isa = XCBuildConfiguration;
			buildSettings = {
				ASSETCATALOG_COMPILER_APPICON_NAME = AppIcon;
				CODE_SIGN_STYLE = Automatic;
				DEVELOPMENT_TEAM = GUS473JQDG;
				INFOPLIST_FILE = MovieDBAPITask/Info.plist;
				LD_RUNPATH_SEARCH_PATHS = (
					"$(inherited)",
					"@executable_path/Frameworks",
				);
				PRODUCT_BUNDLE_IDENTIFIER = com.sherifzekry.MovieDBAPITask;
				PRODUCT_NAME = "$(TARGET_NAME)";
				SWIFT_VERSION = 4.2;
				TARGETED_DEVICE_FAMILY = "1,2";
			};
			name = Release;
		};
		7E75785222534FFE003D2B56 /* Debug */ = {
			isa = XCBuildConfiguration;
			buildSettings = {
				ALWAYS_EMBED_SWIFT_STANDARD_LIBRARIES = YES;
				BUNDLE_LOADER = "$(TEST_HOST)";
				CODE_SIGN_STYLE = Automatic;
				DEVELOPMENT_TEAM = GUS473JQDG;
				INFOPLIST_FILE = MovieDBAPITaskTests/Info.plist;
				LD_RUNPATH_SEARCH_PATHS = (
					"$(inherited)",
					"@executable_path/Frameworks",
					"@loader_path/Frameworks",
				);
				PRODUCT_BUNDLE_IDENTIFIER = com.sherifzekry.MovieDBAPITaskTests;
				PRODUCT_NAME = "$(TARGET_NAME)";
				SWIFT_VERSION = 4.2;
				TARGETED_DEVICE_FAMILY = "1,2";
				TEST_HOST = "$(BUILT_PRODUCTS_DIR)/MovieDBAPITask.app/MovieDBAPITask";
			};
			name = Debug;
		};
		7E75785322534FFE003D2B56 /* Release */ = {
			isa = XCBuildConfiguration;
			buildSettings = {
				ALWAYS_EMBED_SWIFT_STANDARD_LIBRARIES = YES;
				BUNDLE_LOADER = "$(TEST_HOST)";
				CODE_SIGN_STYLE = Automatic;
				DEVELOPMENT_TEAM = GUS473JQDG;
				INFOPLIST_FILE = MovieDBAPITaskTests/Info.plist;
				LD_RUNPATH_SEARCH_PATHS = (
					"$(inherited)",
					"@executable_path/Frameworks",
					"@loader_path/Frameworks",
				);
				PRODUCT_BUNDLE_IDENTIFIER = com.sherifzekry.MovieDBAPITaskTests;
				PRODUCT_NAME = "$(TARGET_NAME)";
				SWIFT_VERSION = 4.2;
				TARGETED_DEVICE_FAMILY = "1,2";
				TEST_HOST = "$(BUILT_PRODUCTS_DIR)/MovieDBAPITask.app/MovieDBAPITask";
			};
			name = Release;
		};
/* End XCBuildConfiguration section */

/* Begin XCConfigurationList section */
		7E75782C22534FFB003D2B56 /* Build configuration list for PBXProject "MovieDBAPITask" */ = {
			isa = XCConfigurationList;
			buildConfigurations = (
				7E75784C22534FFE003D2B56 /* Debug */,
				7E75784D22534FFE003D2B56 /* Release */,
			);
			defaultConfigurationIsVisible = 0;
			defaultConfigurationName = Release;
		};
		7E75784E22534FFE003D2B56 /* Build configuration list for PBXNativeTarget "MovieDBAPITask" */ = {
			isa = XCConfigurationList;
			buildConfigurations = (
				7E75784F22534FFE003D2B56 /* Debug */,
				7E75785022534FFE003D2B56 /* Release */,
			);
			defaultConfigurationIsVisible = 0;
			defaultConfigurationName = Release;
		};
		7E75785122534FFE003D2B56 /* Build configuration list for PBXNativeTarget "MovieDBAPITaskTests" */ = {
			isa = XCConfigurationList;
			buildConfigurations = (
				7E75785222534FFE003D2B56 /* Debug */,
				7E75785322534FFE003D2B56 /* Release */,
			);
			defaultConfigurationIsVisible = 0;
			defaultConfigurationName = Release;
		};
/* End XCConfigurationList section */
	};
	rootObject = 7E75782922534FFB003D2B56 /* Project object */;
}
